PATH
  remote: .
  specs:
    verity (0.1.0)
      prism (~> 1.0)
      sqlite3 (~> 2.0)

GEM
  remote: https://rubygems.org/
  specs:
    ast (2.4.3)
    diff-lcs (1.6.2)
    drb (2.2.3)
    json (2.19.5)
    language_server-protocol (3.17.0.5)
    lint_roller (1.1.0)
    minitest (6.0.6)
      drb (~> 2.0)
      prism (~> 1.5)
    parallel (2.0.1)
    parser (3.3.11.1)
      ast (~> 2.4.1)
      racc
    prism (1.9.0)
    racc (1.8.1)
    rainbow (3.1.1)
    regexp_parser (2.12.0)
    rspec (3.13.2)
      rspec-core (~> 3.13.0)
      rspec-expectations (~> 3.13.0)
      rspec-mocks (~> 3.13.0)
    rspec-core (3.13.6)
      rspec-support (~> 3.13.0)
    rspec-expectations (3.13.5)
      diff-lcs (>= 1.2.0, < 2.0)
      rspec-support (~> 3.13.0)
    rspec-mocks (3.13.8)
      diff-lcs (>= 1.2.0, < 2.0)
      rspec-support (~> 3.13.0)
    rspec-support (3.13.7)
    rubocop (1.86.1)
      json (~> 2.3)
      language_server-protocol (~> 3.17.0.2)
      lint_roller (~> 1.1.0)
      parallel (>= 1.10)
      parser (>= 3.3.0.2)
      rainbow (>= 2.2.2, < 4.0)
      regexp_parser (>= 2.9.3, < 3.0)
      rubocop-ast (>= 1.49.0, < 2.0)
      ruby-progressbar (~> 1.7)
      unicode-display_width (>= 2.4.0, < 4.0)
    rubocop-ast (1.49.1)
      parser (>= 3.3.7.2)
      prism (~> 1.7)
    ruby-progressbar (1.13.0)
    sqlite3 (2.9.4-aarch64-linux-gnu)
    sqlite3 (2.9.4-aarch64-linux-musl)
    sqlite3 (2.9.4-arm-linux-gnu)
    sqlite3 (2.9.4-arm-linux-musl)
    sqlite3 (2.9.4-arm64-darwin)
    sqlite3 (2.9.4-x86-linux-gnu)
    sqlite3 (2.9.4-x86-linux-musl)
    sqlite3 (2.9.4-x86_64-darwin)
    sqlite3 (2.9.4-x86_64-linux-gnu)
    sqlite3 (2.9.4-x86_64-linux-musl)
    unicode-display_width (3.2.0)
      unicode-emoji (~> 4.1)
    unicode-emoji (4.2.0)

PLATFORMS
  aarch64-linux
  aarch64-linux-gnu
  aarch64-linux-musl
  arm-linux-gnu
  arm-linux-musl
  arm64-darwin
  x86-linux-gnu
  x86-linux-musl
  x86_64-darwin
  x86_64-linux
  x86_64-linux-gnu
  x86_64-linux-musl

DEPENDENCIES
  minitest
  parallel (< 2.1)
  rspec
  rubocop (~> 1.75)
  verity!

CHECKSUMS
  ast (2.4.3) sha256=954615157c1d6a382bc27d690d973195e79db7f55e9765ac7c481c60bdb4d383
  diff-lcs (1.6.2) sha256=9ae0d2cba7d4df3075fe8cd8602a8604993efc0dfa934cff568969efb1909962
  drb (2.2.3) sha256=0b00d6fdb50995fe4a45dea13663493c841112e4068656854646f418fda13373
  json (2.19.5) sha256=218a18553e4801d579ca7e0f5bc72bafd776d7397238a1fb4e74db5b0a812c59
  language_server-protocol (3.17.0.5) sha256=fd1e39a51a28bf3eec959379985a72e296e9f9acfce46f6a79d31ca8760803cc
  lint_roller (1.1.0) sha256=2c0c845b632a7d172cb849cc90c1bce937a28c5c8ccccb50dfd46a485003cc87
  minitest (6.0.6) sha256=153ea36d1d987a62942382b61075745042a2b3123b1cd48f4c3675af9cc7d6f1
  parallel (2.0.1) sha256=337782d3e39f4121e67563bf91dd8ece67f48923d90698614773a0ec9a5b2c7d
  parser (3.3.11.1) sha256=d17ace7aabe3e72c3cc94043714be27cc6f852f104d81aa284c2281aecc65d54
  prism (1.9.0) sha256=7b530c6a9f92c24300014919c9dcbc055bf4cdf51ec30aed099b06cd6674ef85
  racc (1.8.1) sha256=4a7f6929691dbec8b5209a0b373bc2614882b55fc5d2e447a21aaa691303d62f
  rainbow (3.1.1) sha256=039491aa3a89f42efa1d6dec2fc4e62ede96eb6acd95e52f1ad581182b79bc6a
  regexp_parser (2.12.0) sha256=35a916a1d63190ab5c9009457136ae5f3c0c7512d60291d0d1378ba18ce08ebb
  rspec (3.13.2) sha256=206284a08ad798e61f86d7ca3e376718d52c0bc944626b2349266f239f820587
  rspec-core (3.13.6) sha256=a8823c6411667b60a8bca135364351dda34cd55e44ff94c4be4633b37d828b2d
  rspec-expectations (3.13.5) sha256=33a4d3a1d95060aea4c94e9f237030a8f9eae5615e9bd85718fe3a09e4b58836
  rspec-mocks (3.13.8) sha256=086ad3d3d17533f4237643de0b5c42f04b66348c28bf6b9c2d3f4a3b01af1d47
  rspec-support (3.13.7) sha256=0640e5570872aafefd79867901deeeeb40b0c9875a36b983d85f54fb7381c47c
  rubocop (1.86.1) sha256=44415f3f01d01a21e01132248d2fd0867572475b566ca188a0a42133a08d4531
  rubocop-ast (1.49.1) sha256=4412f3ee70f6fe4546cc489548e0f6fcf76cafcfa80fa03af67098ffed755035
  ruby-progressbar (1.13.0) sha256=80fc9c47a9b640d6834e0dc7b3c94c9df37f08cb072b7761e4a71e22cff29b33
  sqlite3 (2.9.4-aarch64-linux-gnu) sha256=ecabed721e6eaad54601d2685f09029d90025efc8d931040dc89cb3f8a2080ec
  sqlite3 (2.9.4-aarch64-linux-musl) sha256=ffb4255947fb54c8c3eeca97460c9702b40de91ce390455ef7367ca6a3929a31
  sqlite3 (2.9.4-arm-linux-gnu) sha256=9ee2008b9fbec984c3c165b0d7eedd2bd2a415100b761bfa3a4c6fbec9208bf6
  sqlite3 (2.9.4-arm-linux-musl) sha256=8dc1fe4da6977992cd62decf4a93ccf6cc2e124a5e6a340160d52092f70e837a
  sqlite3 (2.9.4-arm64-darwin) sha256=1d5aad413a815d236e96d43f05a1acc600b6cd086800770342a3f9c2877499ff
  sqlite3 (2.9.4-x86-linux-gnu) sha256=5cab40ea734796802853501bd23b6162eec391dc37f3bf04bc2ffbda9c8bf93d
  sqlite3 (2.9.4-x86-linux-musl) sha256=936e2d4a428887fac15f55e26a18671fbb4e522bffaa43969fadf7b40ab25214
  sqlite3 (2.9.4-x86_64-darwin) sha256=f280c476e360b73e86165a5e59b72801385b4a6c3a47f8af5ecefb9d90bec17f
  sqlite3 (2.9.4-x86_64-linux-gnu) sha256=537a3eda71b1df1336d0055cbebe55a7317c34870c192c7b6b9d8d0be6871847
  sqlite3 (2.9.4-x86_64-linux-musl) sha256=3fc5e865b4be9a85d998203ef8d0c0fdcb92f20acf34a254346ff8a19088efec
  unicode-display_width (3.2.0) sha256=0cdd96b5681a5949cdbc2c55e7b420facae74c4aaf9a9815eee1087cb1853c42
  unicode-emoji (4.2.0) sha256=519e69150f75652e40bf736106cfbc8f0f73aa3fb6a65afe62fefa7f80b0f80f
  verity (0.1.0)

BUNDLED WITH
  4.0.3
